// !$*UTF8*$!
{
	archiveVersion = 1;
	classes = {
	};
	objectVersion = 52;
	objects = {

/* Begin PBXBuildFile section */
		0537B5AE25553E4A00608E1E /* Demo in Frameworks */ = {isa = PBXBuildFile; productRef = 0537B5AD25553E4A00608E1E /* Demo */; };
		054BF6622555291F002755F9 /* AppDelegate.swift in Sources */ = {isa = PBXBuildFile; fileRef = 054BF6612555291F002755F9 /* AppDelegate.swift */; };
		054BF6642555291F002755F9 /* SceneDelegate.swift in Sources */ = {isa = PBXBuildFile; fileRef = 054BF6632555291F002755F9 /* SceneDelegate.swift */; };
		054BF6662555291F002755F9 /* ViewController.swift in Sources */ = {isa = PBXBuildFile; fileRef = 054BF6652555291F002755F9 /* ViewController.swift */; };
		054BF6692555291F002755F9 /* Main.storyboard in Resources */ = {isa = PBXBuildFile; fileRef = 054BF6672555291F002755F9 /* Main.storyboard */; };
		054BF66B25552920002755F9 /* Assets.xcassets in Resources */ = {isa = PBXBuildFile; fileRef = 054BF66A25552920002755F9 /* Assets.xcassets */; };
		054BF66E25552920002755F9 /* LaunchScreen.storyboard in Resources */ = {isa = PBXBuildFile; fileRef = 054BF66C25552920002755F9 /* LaunchScreen.storyboard */; };
/* End PBXBuildFile section */

/* Begin PBXFileReference section */
		054BF65E2555291F002755F9 /* ArchiveErrorDemo.app */ = {isa = PBXFileReference; explicitFileType = wrapper.application; includeInIndex = 0; path = ArchiveErrorDemo.app; sourceTree = BUILT_PRODUCTS_DIR; };
		054BF6612555291F002755F9 /* AppDelegate.swift */ = {isa = PBXFileReference; lastKnownFileType = sourcecode.swift; path = AppDelegate.swift; sourceTree = "<group>"; };
		054BF6632555291F002755F9 /* SceneDelegate.swift */ = {isa = PBXFileReference; lastKnownFileType = sourcecode.swift; path = SceneDelegate.swift; sourceTree = "<group>"; };
		054BF6652555291F002755F9 /* ViewController.swift */ = {isa = PBXFileReference; lastKnownFileType = sourcecode.swift; path = ViewController.swift; sourceTree = "<group>"; };
		054BF6682555291F002755F9 /* Base */ = {isa = PBXFileReference; lastKnownFileType = file.storyboard; name = Base; path = Base.lproj/Main.storyboard; sourceTree = "<group>"; };
		054BF66A25552920002755F9 /* Assets.xcassets */ = {isa = PBXFileReference; lastKnownFileType = folder.assetcatalog; path = Assets.xcassets; sourceTree = "<group>"; };
		054BF66D25552920002755F9 /* Base */ = {isa = PBXFileReference; lastKnownFileType = file.storyboard; name = Base; path = Base.lproj/LaunchScreen.storyboard; sourceTree = "<group>"; };
		054BF66F25552920002755F9 /* Info.plist */ = {isa = PBXFileReference; lastKnownFileType = text.plist.xml; path = Info.plist; sourceTree = "<group>"; };
		054BF67625552969002755F9 /* Dependency */ = {isa = PBXFileReference; lastKnownFileType = folder; path = Dependency; sourceTree = "<group>"; };
/* End PBXFileReference section */

/* Begin PBXFrameworksBuildPhase section */
		054BF65B2555291F002755F9 /* Frameworks */ = {
			isa = PBXFrameworksBuildPhase;
			buildActionMask = 2147483647;
			files = (
				0537B5AE25553E4A00608E1E /* Demo in Frameworks */,
			);
			runOnlyForDeploymentPostprocessing = 0;
		};
/* End PBXFrameworksBuildPhase section */

/* Begin PBXGroup section */
		0537B5AC25553E4A00608E1E /* Frameworks */ = {
			isa = PBXGroup;
			children = (
			);
			name = Frameworks;
			sourceTree = "<group>";
		};
		054BF6552555291F002755F9 = {
			isa = PBXGroup;
			children = (
				054BF67625552969002755F9 /* Dependency */,
				054BF6602555291F002755F9 /* ArchiveErrorDemo */,
				054BF65F2555291F002755F9 /* Products */,
				0537B5AC25553E4A00608E1E /* Frameworks */,
			);
			sourceTree = "<group>";
		};
		054BF65F2555291F002755F9 /* Products */ = {
			isa = PBXGroup;
			children = (
				054BF65E2555291F002755F9 /* ArchiveErrorDemo.app */,
			);
			name = Products;
			sourceTree = "<group>";
		};
		054BF6602555291F002755F9 /* ArchiveErrorDemo */ = {
			isa = PBXGroup;
			children = (
				054BF6612555291F002755F9 /* AppDelegate.swift */,
				054BF6632555291F002755F9 /* SceneDelegate.swift */,
				054BF6652555291F002755F9 /* ViewController.swift */,
				054BF6672555291F002755F9 /* Main.storyboard */,
				054BF66A25552920002755F9 /* Assets.xcassets */,
				054BF66C25552920002755F9 /* LaunchScreen.storyboard */,
				054BF66F25552920002755F9 /* Info.plist */,
			);
			path = ArchiveErrorDemo;
			sourceTree = "<group>";
		};
/* End PBXGroup section */

/* Begin PBXNativeTarget section */
		054BF65D2555291F002755F9 /* ArchiveErrorDemo */ = {
			isa = PBXNativeTarget;
			buildConfigurationList = 054BF67225552920002755F9 /* Build configuration list for PBXNativeTarget "ArchiveErrorDemo" */;
			buildPhases = (
				054BF65A2555291F002755F9 /* Sources */,
				054BF65B2555291F002755F9 /* Frameworks */,
				054BF65C2555291F002755F9 /* Resources */,
			);
			buildRules = (
			);
			dependencies = (
			);
			name = ArchiveErrorDemo;
			packageProductDependencies = (
				0537B5AD25553E4A00608E1E /* Demo */,
			);
			productName = ArchiveErrorDemo;
			productReference = 054BF65E2555291F002755F9 /* ArchiveErrorDemo.app */;
			productType = "com.apple.product-type.application";
		};
/* End PBXNativeTarget section */

/* Begin PBXProject section */
		054BF6562555291F002755F9 /* Project object */ = {
			isa = PBXProject;
			attributes = {
				LastSwiftUpdateCheck = 1220;
				LastUpgradeCheck = 1220;
				TargetAttributes = {
					054BF65D2555291F002755F9 = {
						CreatedOnToolsVersion = 12.2;
					};
				};
			};
			buildConfigurationList = 054BF6592555291F002755F9 /* Build configuration list for PBXProject "ArchiveErrorDemo" */;
			compatibilityVersion = "Xcode 9.3";
			developmentRegion = en;
			hasScannedForEncodings = 0;
			knownRegions = (
				en,
				Base,
			);
			mainGroup = 054BF6552555291F002755F9;
			productRefGroup = 054BF65F2555291F002755F9 /* Products */;
			projectDirPath = "";
			projectRoot = "";
			targets = (
				054BF65D2555291F002755F9 /* ArchiveErrorDemo */,
			);
		};
/* End PBXProject section */

/* Begin PBXResourcesBuildPhase section */
		054BF65C2555291F002755F9 /* Resources */ = {
			isa = PBXResourcesBuildPhase;
			buildActionMask = 2147483647;
			files = (
				054BF66E25552920002755F9 /* LaunchScreen.storyboard in Resources */,
				054BF66B25552920002755F9 /* Assets.xcassets in Resources */,
				054BF6692555291F002755F9 /* Main.storyboard in Resources */,
			);
			runOnlyForDeploymentPostprocessing = 0;
		};
/* End PBXResourcesBuildPhase section */

/* Begin PBXSourcesBuildPhase section */
		054BF65A2555291F002755F9 /* Sources */ = {
			isa = PBXSourcesBuildPhase;
			buildActionMask = 2147483647;
			files = (
				054BF6662555291F002755F9 /* ViewController.swift in Sources */,
				054BF6622555291F002755F9 /* AppDelegate.swift in Sources */,
				054BF6642555291F002755F9 /* SceneDelegate.swift in Sources */,
			);
			runOnlyForDeploymentPostprocessing = 0;
		};
/* End PBXSourcesBuildPhase section */

/* Begin PBXVariantGroup section */
		054BF6672555291F002755F9 /* Main.storyboard */ = {
			isa = PBXVariantGroup;
			children = (
				054BF6682555291F002755F9 /* Base */,
			);
			name = Main.storyboard;
			sourceTree = "<group>";
		};
		054BF66C25552920002755F9 /* LaunchScreen.storyboard */ = {
			isa = PBXVariantGroup;
			children = (
				054BF66D25552920002755F9 /* Base */,
			);
			name = LaunchScreen.storyboard;
			sourceTree = "<group>";
		};
/* End PBXVariantGroup section */

/* Begin XCBuildConfiguration section */
		054BF67025552920002755F9 /* Debug */ = {
			isa = XCBuildConfiguration;
			buildSettings = {
				ALWAYS_SEARCH_USER_PATHS = NO;
				CLANG_ANALYZER_NONNULL = YES;
				CLANG_ANALYZER_NUMBER_OBJECT_CONVERSION = YES_AGGRESSIVE;
				CLANG_CXX_LANGUAGE_STANDARD = "gnu++14";
				CLANG_CXX_LIBRARY = "libc++";
				CLANG_ENABLE_MODULES = YES;
				CLANG_ENABLE_OBJC_ARC = YES;
				CLANG_ENABLE_OBJC_WEAK = YES;
				CLANG_WARN_BLOCK_CAPTURE_AUTORELEASING = YES;
				CLANG_WARN_BOOL_CONVERSION = YES;
				CLANG_WARN_COMMA = YES;
				CLANG_WARN_CONSTANT_CONVERSION = YES;
				CLANG_WARN_DEPRECATED_OBJC_IMPLEMENTATIONS = YES;
				CLANG_WARN_DIRECT_OBJC_ISA_USAGE = YES_ERROR;
				CLANG_WARN_DOCUMENTATION_COMMENTS = YES;
				CLANG_WARN_EMPTY_BODY = YES;
				CLANG_WARN_ENUM_CONVERSION = YES;
				CLANG_WARN_INFINITE_RECURSION = YES;
				CLANG_WARN_INT_CONVERSION = YES;
				CLANG_WARN_NON_LITERAL_NULL_CONVERSION = YES;
				CLANG_WARN_OBJC_IMPLICIT_RETAIN_SELF = YES;
				CLANG_WARN_OBJC_LITERAL_CONVERSION = YES;
				CLANG_WARN_OBJC_ROOT_CLASS = YES_ERROR;
				CLANG_WARN_QUOTED_INCLUDE_IN_FRAMEWORK_HEADER = YES;
				CLANG_WARN_RANGE_LOOP_ANALYSIS = YES;
				CLANG_WARN_STRICT_PROTOTYPES = YES;
				CLANG_WARN_SUSPICIOUS_MOVE = YES;
				CLANG_WARN_UNGUARDED_AVAILABILITY = YES_AGGRESSIVE;
				CLANG_WARN_UNREACHABLE_CODE = YES;
				CLANG_WARN__DUPLICATE_METHOD_MATCH = YES;
				COPY_PHASE_STRIP = NO;
				DEBUG_INFORMATION_FORMAT = dwarf;
				ENABLE_STRICT_OBJC_MSGSEND = YES;
				ENABLE_TESTABILITY = YES;
				GCC_C_LANGUAGE_STANDARD = gnu11;
				GCC_DYNAMIC_NO_PIC = NO;
				GCC_NO_COMMON_BLOCKS = YES;
				GCC_OPTIMIZATION_LEVEL = 0;
				GCC_PREPROCESSOR_DEFINITIONS = (
					"DEBUG=1",
					"$(inherited)",
				);
				GCC_WARN_64_TO_32_BIT_CONVERSION = YES;
				GCC_WARN_ABOUT_RETURN_TYPE = YES_ERROR;
				GCC_WARN_UNDECLARED_SELECTOR = YES;
				GCC_WARN_UNINITIALIZED_AUTOS = YES_AGGRESSIVE;
				GCC_WARN_UNUSED_FUNCTION = YES;
				GCC_WARN_UNUSED_VARIABLE = YES;
				IPHONEOS_DEPLOYMENT_TARGET = 14.2;
				MTL_ENABLE_DEBUG_INFO = INCLUDE_SOURCE;
				MTL_FAST_MATH = YES;
				ONLY_ACTIVE_ARCH = YES;
				SDKROOT = iphoneos;
				SWIFT_ACTIVE_COMPILATION_CONDITIONS = DEBUG;
				SWIFT_OPTIMIZATION_LEVEL = "-Onone";
			};
			name = Debug;
		};
		054BF67125552920002755F9 /* Release */ = {
			isa = XCBuildConfiguration;
			buildSettings = {
				ALWAYS_SEARCH_USER_PATHS = NO;
				CLANG_ANALYZER_NONNULL = YES;
				CLANG_ANALYZER_NUMBER_OBJECT_CONVERSION = YES_AGGRESSIVE;
				CLANG_CXX_LANGUAGE_STANDARD = "gnu++14";
				CLANG_CXX_LIBRARY = "libc++";
				CLANG_ENABLE_MODULES = YES;
				CLANG_ENABLE_OBJC_ARC = YES;
				CLANG_ENABLE_OBJC_WEAK = YES;
				CLANG_WARN_BLOCK_CAPTURE_AUTORELEASING = YES;
				CLANG_WARN_BOOL_CONVERSION = YES;
				CLANG_WARN_COMMA = YES;
				CLANG_WARN_CONSTANT_CONVERSION = YES;
				CLANG_WARN_DEPRECATED_OBJC_IMPLEMENTATIONS = YES;
				CLANG_WARN_DIRECT_OBJC_ISA_USAGE = YES_ERROR;
				CLANG_WARN_DOCUMENTATION_COMMENTS = YES;
				CLANG_WARN_EMPTY_BODY = YES;
				CLANG_WARN_ENUM_CONVERSION = YES;
				CLANG_WARN_INFINITE_RECURSION = YES;
				CLANG_WARN_INT_CONVERSION = YES;
				CLANG_WARN_NON_LITERAL_NULL_CONVERSION = YES;
				CLANG_WARN_OBJC_IMPLICIT_RETAIN_SELF = YES;
				CLANG_WARN_OBJC_LITERAL_CONVERSION = YES;
				CLANG_WARN_OBJC_ROOT_CLASS = YES_ERROR;
				CLANG_WARN_QUOTED_INCLUDE_IN_FRAMEWORK_HEADER = YES;
				CLANG_WARN_RANGE_LOOP_ANALYSIS = YES;
				CLANG_WARN_STRICT_PROTOTYPES = YES;
				CLANG_WARN_SUSPICIOUS_MOVE = YES;
				CLANG_WARN_UNGUARDED_AVAILABILITY = YES_AGGRESSIVE;
				CLANG_WARN_UNREACHABLE_CODE = YES;
				CLANG_WARN__DUPLICATE_METHOD_MATCH = YES;
				COPY_PHASE_STRIP = NO;
				DEBUG_INFORMATION_FORMAT = "dwarf-with-dsym";
				ENABLE_NS_ASSERTIONS = NO;
				ENABLE_STRICT_OBJC_MSGSEND = YES;
				GCC_C_LANGUAGE_STANDARD = gnu11;
				GCC_NO_COMMON_BLOCKS = YES;
				GCC_WARN_64_TO_32_BIT_CONVERSION = YES;
				GCC_WARN_ABOUT_RETURN_TYPE = YES_ERROR;
				GCC_WARN_UNDECLARED_SELECTOR = YES;
				GCC_WARN_UNINITIALIZED_AUTOS = YES_AGGRESSIVE;
				GCC_WARN_UNUSED_FUNCTION = YES;
				GCC_WARN_UNUSED_VARIABLE = YES;
				IPHONEOS_DEPLOYMENT_TARGET = 14.2;
				MTL_ENABLE_DEBUG_INFO = NO;
				MTL_FAST_MATH = YES;
				SDKROOT = iphoneos;
				SWIFT_COMPILATION_MODE = wholemodule;
				SWIFT_OPTIMIZATION_LEVEL = "-O";
				VALIDATE_PRODUCT = YES;
			};
			name = Release;
		};
		054BF67325552920002755F9 /* Debug */ = {
			isa = XCBuildConfiguration;
			buildSettings = {
				ASSETCATALOG_COMPILER_APPICON_NAME = AppIcon;
				ASSETCATALOG_COMPILER_GLOBAL_ACCENT_COLOR_NAME = AccentColor;
				CODE_SIGN_STYLE = Automatic;
				DEVELOPMENT_TEAM = Y7BCF82NHQ;
				INFOPLIST_FILE = ArchiveErrorDemo/Info.plist;
				LD_RUNPATH_SEARCH_PATHS = (
					"$(inherited)",
					"@executable_path/Frameworks",
				);
				PRODUCT_BUNDLE_IDENTIFIER = com.canius.ArchiveErrorDemo;
				PRODUCT_NAME = "$(TARGET_NAME)";
				SWIFT_VERSION = 5.0;
				TARGETED_DEVICE_FAMILY = "1,2";
			};
			name = Debug;
		};
		054BF67425552920002755F9 /* Release */ = {
			isa = XCBuildConfiguration;
			buildSettings = {
				ASSETCATALOG_COMPILER_APPICON_NAME = AppIcon;
				ASSETCATALOG_COMPILER_GLOBAL_ACCENT_COLOR_NAME = AccentColor;
				CODE_SIGN_STYLE = Automatic;
				DEVELOPMENT_TEAM = Y7BCF82NHQ;
				INFOPLIST_FILE = ArchiveErrorDemo/Info.plist;
				LD_RUNPATH_SEARCH_PATHS = (
					"$(inherited)",
					"@executable_path/Frameworks",
				);
				PRODUCT_BUNDLE_IDENTIFIER = com.canius.ArchiveErrorDemo;
				PRODUCT_NAME = "$(TARGET_NAME)";
				SWIFT_VERSION = 5.0;
				TARGETED_DEVICE_FAMILY = "1,2";
			};
			name = Release;
		};
/* End XCBuildConfiguration section */

/* Begin XCConfigurationList section */
		054BF6592555291F002755F9 /* Build configuration list for PBXProject "ArchiveErrorDemo" */ = {
			isa = XCConfigurationList;
			buildConfigurations = (
				054BF67025552920002755F9 /* Debug */,
				054BF67125552920002755F9 /* Release */,
			);
			defaultConfigurationIsVisible = 0;
			defaultConfigurationName = Release;
		};
		054BF67225552920002755F9 /* Build configuration list for PBXNativeTarget "ArchiveErrorDemo" */ = {
			isa = XCConfigurationList;
			buildConfigurations = (
				054BF67325552920002755F9 /* Debug */,
				054BF67425552920002755F9 /* Release */,
			);
			defaultConfigurationIsVisible = 0;
			defaultConfigurationName = Release;
		};
/* End XCConfigurationList section */

/* Begin XCSwiftPackageProductDependency section */
		0537B5AD25553E4A00608E1E /* Demo */ = {
			isa = XCSwiftPackageProductDependency;
			productName = Demo;
		};
/* End XCSwiftPackageProductDependency section */
	};
	rootObject = 054BF6562555291F002755F9 /* Project object */;
}
